
Microsoft Visual Studio Solution File, Format Version 12.00
# Visual Studio Version 17
VisualStudioVersion = 17.0.32126.317
MinimumVisualStudioVersion = 10.0.40219.1
Project("{FAE04EC0-301F-11D3-BF4B-00C04F79EFBC}") = "BeginningCSharpAndDotNET_16_3_QuerySyntax", "BeginningCSharpAndDotNET_16_3_QuerySyntax.csproj", "{FC142591-6712-4641-A3E1-49329E401B68}"
EndProject
Global
	GlobalSection(SolutionConfigurationPlatforms) = preSolution
		Debug|Any CPU = Debug|Any CPU
		Release|Any CPU = Release|Any CPU
	EndGlobalSection
	GlobalSection(ProjectConfigurationPlatforms) = postSolution
		{FC142591-6712-4641-A3E1-49329E401B68}.Debug|Any CPU.ActiveCfg = Debug|Any CPU
		{FC142591-6712-4641-A3E1-49329E401B68}.Debug|Any CPU.Build.0 = Debug|Any CPU
		{FC142591-6712-4641-A3E1-49329E401B68}.Release|Any CPU.ActiveCfg = Release|Any CPU
		{FC142591-6712-4641-A3E1-49329E401B68}.Release|Any CPU.Build.0 = Release|Any CPU
	EndGlobalSection
	GlobalSection(SolutionProperties) = preSolution
		HideSolutionNode = FALSE
	EndGlobalSection
	GlobalSection(ExtensibilityGlobals) = postSolution
		SolutionGuid = {E44C2563-A998-40B8-B629-516CE518560B}
	EndGlobalSection
EndGlobal
